
Microsoft Visual Studio Solution File, Format Version 12.00
Project("{FAE04EC0-301F-11D3-BF4B-00C04F79EFBC}") = "Chapt1", "Chapt1\Chapt1.csproj", "{28F99ECF-7740-4588-A00E-4CD88CF505E7}"
EndProject
Project("{FAE04EC0-301F-11D3-BF4B-00C04F79EFBC}") = "Chapt2", "Chapt2\Chapt2.csproj", "{A7D8400B-42FC-4E93-A006-8CF62C293D2F}"
EndProject
Project("{FAE04EC0-301F-11D3-BF4B-00C04F79EFBC}") = "Chapt3", "Chapt3\Chapt3.csproj", "{6324C268-97D3-4F44-A887-56A7947511F4}"
EndProject
Project("{FAE04EC0-301F-11D3-BF4B-00C04F79EFBC}") = "Chapt4", "Chapt4\Chapt4.csproj", "{90BB74D9-7E18-4BDB-BB3C-E42E32D9FA04}"
EndProject
Project("{FAE04EC0-301F-11D3-BF4B-00C04F79EFBC}") = "Chapt5", "Chapt5\Chapt5.csproj", "{8DA75AB0-46A6-4C7E-BDF6-8D2B889BD4D1}"
EndProject
Project("{FAE04EC0-301F-11D3-BF4B-00C04F79EFBC}") = "Chapt6", "Chapt6\Chapt6.csproj", "{490A3ACC-280E-4F8E-BB84-A95FD30F09E9}"
EndProject
Global
	GlobalSection(SolutionConfigurationPlatforms) = preSolution
		Debug|Any CPU = Debug|Any CPU
		Release|Any CPU = Release|Any CPU
	EndGlobalSection
	GlobalSection(ProjectConfigurationPlatforms) = postSolution
		{28F99ECF-7740-4588-A00E-4CD88CF505E7}.Debug|Any CPU.ActiveCfg = Debug|Any CPU
		{28F99ECF-7740-4588-A00E-4CD88CF505E7}.Debug|Any CPU.Build.0 = Debug|Any CPU
		{28F99ECF-7740-4588-A00E-4CD88CF505E7}.Release|Any CPU.ActiveCfg = Release|Any CPU
		{28F99ECF-7740-4588-A00E-4CD88CF505E7}.Release|Any CPU.Build.0 = Release|Any CPU
		{A7D8400B-42FC-4E93-A006-8CF62C293D2F}.Debug|Any CPU.ActiveCfg = Debug|Any CPU
		{A7D8400B-42FC-4E93-A006-8CF62C293D2F}.Debug|Any CPU.Build.0 = Debug|Any CPU
		{A7D8400B-42FC-4E93-A006-8CF62C293D2F}.Release|Any CPU.ActiveCfg = Release|Any CPU
		{A7D8400B-42FC-4E93-A006-8CF62C293D2F}.Release|Any CPU.Build.0 = Release|Any CPU
		{6324C268-97D3-4F44-A887-56A7947511F4}.Debug|Any CPU.ActiveCfg = Debug|Any CPU
		{6324C268-97D3-4F44-A887-56A7947511F4}.Debug|Any CPU.Build.0 = Debug|Any CPU
		{6324C268-97D3-4F44-A887-56A7947511F4}.Release|Any CPU.ActiveCfg = Release|Any CPU
		{6324C268-97D3-4F44-A887-56A7947511F4}.Release|Any CPU.Build.0 = Release|Any CPU
		{90BB74D9-7E18-4BDB-BB3C-E42E32D9FA04}.Debug|Any CPU.ActiveCfg = Debug|Any CPU
		{90BB74D9-7E18-4BDB-BB3C-E42E32D9FA04}.Debug|Any CPU.Build.0 = Debug|Any CPU
		{90BB74D9-7E18-4BDB-BB3C-E42E32D9FA04}.Release|Any CPU.ActiveCfg = Release|Any CPU
		{90BB74D9-7E18-4BDB-BB3C-E42E32D9FA04}.Release|Any CPU.Build.0 = Release|Any CPU
		{8DA75AB0-46A6-4C7E-BDF6-8D2B889BD4D1}.Debug|Any CPU.ActiveCfg = Debug|Any CPU
		{8DA75AB0-46A6-4C7E-BDF6-8D2B889BD4D1}.Debug|Any CPU.Build.0 = Debug|Any CPU
		{8DA75AB0-46A6-4C7E-BDF6-8D2B889BD4D1}.Release|Any CPU.ActiveCfg = Release|Any CPU
		{8DA75AB0-46A6-4C7E-BDF6-8D2B889BD4D1}.Release|Any CPU.Build.0 = Release|Any CPU
		{490A3ACC-280E-4F8E-BB84-A95FD30F09E9}.Debug|Any CPU.ActiveCfg = Debug|Any CPU
		{490A3ACC-280E-4F8E-BB84-A95FD30F09E9}.Debug|Any CPU.Build.0 = Debug|Any CPU
		{490A3ACC-280E-4F8E-BB84-A95FD30F09E9}.Release|Any CPU.ActiveCfg = Release|Any CPU
		{490A3ACC-280E-4F8E-BB84-A95FD30F09E9}.Release|Any CPU.Build.0 = Release|Any CPU
	EndGlobalSection
EndGlobal
