
Microsoft Visual Studio Solution File, Format Version 12.00
Project("{FAE04EC0-301F-11D3-BF4B-00C04F79EFBC}") = "Chapt01", "Chapt01\Chapt01.csproj", "{901A90D5-9CFE-4AEE-BFB8-9D288B911CD3}"
EndProject
Project("{FAE04EC0-301F-11D3-BF4B-00C04F79EFBC}") = "Chapt02", "Chapt02\Chapt02.csproj", "{CBCB0218-EE25-4088-BCDE-30EE2357FD66}"
EndProject
Project("{FAE04EC0-301F-11D3-BF4B-00C04F79EFBC}") = "Chapt03", "Chapt03\Chapt03.csproj", "{2E5E01D3-657C-49D5-B2D9-1CC4E0F1D5CE}"
EndProject
Project("{FAE04EC0-301F-11D3-BF4B-00C04F79EFBC}") = "Chapt04", "Chapt04\Chapt04.csproj", "{962C73D7-5FCD-4F3A-BFEA-467B2424CAED}"
EndProject
Project("{FAE04EC0-301F-11D3-BF4B-00C04F79EFBC}") = "Chapt05", "Chapt05\Chapt05.csproj", "{3700C76D-F5BC-4311-818F-43F29CB2E5C3}"
EndProject
Project("{FAE04EC0-301F-11D3-BF4B-00C04F79EFBC}") = "Chapt06", "Chapt06\Chapt06.csproj", "{430EB246-A0DA-45A5-B27C-8AC78FBC7112}"
EndProject
Project("{FAE04EC0-301F-11D3-BF4B-00C04F79EFBC}") = "Chapt07", "Chapt07\Chapt07.csproj", "{AA27FC81-567A-4B87-8170-B19F4A6CA20F}"
EndProject
Global
	GlobalSection(SolutionConfigurationPlatforms) = preSolution
		Debug|Any CPU = Debug|Any CPU
		Release|Any CPU = Release|Any CPU
	EndGlobalSection
	GlobalSection(ProjectConfigurationPlatforms) = postSolution
		{901A90D5-9CFE-4AEE-BFB8-9D288B911CD3}.Debug|Any CPU.ActiveCfg = Debug|Any CPU
		{901A90D5-9CFE-4AEE-BFB8-9D288B911CD3}.Debug|Any CPU.Build.0 = Debug|Any CPU
		{901A90D5-9CFE-4AEE-BFB8-9D288B911CD3}.Release|Any CPU.ActiveCfg = Release|Any CPU
		{901A90D5-9CFE-4AEE-BFB8-9D288B911CD3}.Release|Any CPU.Build.0 = Release|Any CPU
		{CBCB0218-EE25-4088-BCDE-30EE2357FD66}.Debug|Any CPU.ActiveCfg = Debug|Any CPU
		{CBCB0218-EE25-4088-BCDE-30EE2357FD66}.Debug|Any CPU.Build.0 = Debug|Any CPU
		{CBCB0218-EE25-4088-BCDE-30EE2357FD66}.Release|Any CPU.ActiveCfg = Release|Any CPU
		{CBCB0218-EE25-4088-BCDE-30EE2357FD66}.Release|Any CPU.Build.0 = Release|Any CPU
		{2E5E01D3-657C-49D5-B2D9-1CC4E0F1D5CE}.Debug|Any CPU.ActiveCfg = Debug|Any CPU
		{2E5E01D3-657C-49D5-B2D9-1CC4E0F1D5CE}.Debug|Any CPU.Build.0 = Debug|Any CPU
		{2E5E01D3-657C-49D5-B2D9-1CC4E0F1D5CE}.Release|Any CPU.ActiveCfg = Release|Any CPU
		{2E5E01D3-657C-49D5-B2D9-1CC4E0F1D5CE}.Release|Any CPU.Build.0 = Release|Any CPU
		{962C73D7-5FCD-4F3A-BFEA-467B2424CAED}.Debug|Any CPU.ActiveCfg = Debug|Any CPU
		{962C73D7-5FCD-4F3A-BFEA-467B2424CAED}.Debug|Any CPU.Build.0 = Debug|Any CPU
		{962C73D7-5FCD-4F3A-BFEA-467B2424CAED}.Release|Any CPU.ActiveCfg = Release|Any CPU
		{962C73D7-5FCD-4F3A-BFEA-467B2424CAED}.Release|Any CPU.Build.0 = Release|Any CPU
		{3700C76D-F5BC-4311-818F-43F29CB2E5C3}.Debug|Any CPU.ActiveCfg = Debug|Any CPU
		{3700C76D-F5BC-4311-818F-43F29CB2E5C3}.Debug|Any CPU.Build.0 = Debug|Any CPU
		{3700C76D-F5BC-4311-818F-43F29CB2E5C3}.Release|Any CPU.ActiveCfg = Release|Any CPU
		{3700C76D-F5BC-4311-818F-43F29CB2E5C3}.Release|Any CPU.Build.0 = Release|Any CPU
		{430EB246-A0DA-45A5-B27C-8AC78FBC7112}.Debug|Any CPU.ActiveCfg = Debug|Any CPU
		{430EB246-A0DA-45A5-B27C-8AC78FBC7112}.Debug|Any CPU.Build.0 = Debug|Any CPU
		{430EB246-A0DA-45A5-B27C-8AC78FBC7112}.Release|Any CPU.ActiveCfg = Release|Any CPU
		{430EB246-A0DA-45A5-B27C-8AC78FBC7112}.Release|Any CPU.Build.0 = Release|Any CPU
		{AA27FC81-567A-4B87-8170-B19F4A6CA20F}.Debug|Any CPU.ActiveCfg = Debug|Any CPU
		{AA27FC81-567A-4B87-8170-B19F4A6CA20F}.Debug|Any CPU.Build.0 = Debug|Any CPU
		{AA27FC81-567A-4B87-8170-B19F4A6CA20F}.Release|Any CPU.ActiveCfg = Release|Any CPU
		{AA27FC81-567A-4B87-8170-B19F4A6CA20F}.Release|Any CPU.Build.0 = Release|Any CPU
	EndGlobalSection
EndGlobal
