
Microsoft Visual Studio Solution File, Format Version 12.00
Project("{FAE04EC0-301F-11D3-BF4B-00C04F79EFBC}") = "Chapt01", "Chapt01\Chapt01.csproj", "{901A90D5-9CFE-4AEE-BFB8-9D288B911CD3}"
EndProject
Global
	GlobalSection(SolutionConfigurationPlatforms) = preSolution
		Debug|Any CPU = Debug|Any CPU
		Release|Any CPU = Release|Any CPU
	EndGlobalSection
	GlobalSection(ProjectConfigurationPlatforms) = postSolution
		{901A90D5-9CFE-4AEE-BFB8-9D288B911CD3}.Debug|Any CPU.ActiveCfg = Debug|Any CPU
		{901A90D5-9CFE-4AEE-BFB8-9D288B911CD3}.Debug|Any CPU.Build.0 = Debug|Any CPU
		{901A90D5-9CFE-4AEE-BFB8-9D288B911CD3}.Release|Any CPU.ActiveCfg = Release|Any CPU
		{901A90D5-9CFE-4AEE-BFB8-9D288B911CD3}.Release|Any CPU.Build.0 = Release|Any CPU
	EndGlobalSection
EndGlobal
