
Microsoft Visual Studio Solution File, Format Version 12.00
Project("{FAE04EC0-301F-11D3-BF4B-00C04F79EFBC}") = "Chapt1", "Chapt1\Chapt1.csproj", "{28F99ECF-7740-4588-A00E-4CD88CF505E7}"
EndProject
Project("{FAE04EC0-301F-11D3-BF4B-00C04F79EFBC}") = "Chapt2", "Chapt2\Chapt2.csproj", "{A7D8400B-42FC-4E93-A006-8CF62C293D2F}"
EndProject
Project("{FAE04EC0-301F-11D3-BF4B-00C04F79EFBC}") = "Chapt3", "Chapt3\Chapt3.csproj", "{6324C268-97D3-4F44-A887-56A7947511F4}"
EndProject
Project("{FAE04EC0-301F-11D3-BF4B-00C04F79EFBC}") = "Chapt4", "Chapt4\Chapt4.csproj", "{90BB74D9-7E18-4BDB-BB3C-E42E32D9FA04}"
EndProject
Project("{FAE04EC0-301F-11D3-BF4B-00C04F79EFBC}") = "Chapt5", "Chapt5\Chapt5.csproj", "{8DA75AB0-46A6-4C7E-BDF6-8D2B889BD4D1}"
EndProject
Project("{FAE04EC0-301F-11D3-BF4B-00C04F79EFBC}") = "Chapt6", "Chapt6\Chapt6.csproj", "{490A3ACC-280E-4F8E-BB84-A95FD30F09E9}"
EndProject
Project("{FAE04EC0-301F-11D3-BF4B-00C04F79EFBC}") = "Chapt7", "Chapt7\Chapt7.csproj", "{5135E38B-1B15-457C-BBAA-EEE34FBD6D0F}"
EndProject
Project("{FAE04EC0-301F-11D3-BF4B-00C04F79EFBC}") = "Chapt8", "Chapt8\Chapt8.csproj", "{2418F336-6285-4583-B751-1794539C8ED0}"
EndProject
Project("{FAE04EC0-301F-11D3-BF4B-00C04F79EFBC}") = "Chapt9", "Chapt9\Chapt9.csproj", "{1FF5924F-9A1D-4472-A2A8-EACF8B240F76}"
EndProject
Project("{FAE04EC0-301F-11D3-BF4B-00C04F79EFBC}") = "Chapt10", "Chapt10\Chapt10.csproj", "{1F4EEBF9-9F8F-45BF-A0F4-CE2FDADDD2B9}"
EndProject
Project("{FAE04EC0-301F-11D3-BF4B-00C04F79EFBC}") = "Chapt11", "Chapt11\Chapt11.csproj", "{89BF0915-63AF-43EF-A122-B0576BD69DD4}"
EndProject
Project("{FAE04EC0-301F-11D3-BF4B-00C04F79EFBC}") = "Chapt14", "Chapt14\Chapt14.csproj", "{2DAE15C0-F63E-4754-AC89-39B84FA34620}"
EndProject
Project("{FAE04EC0-301F-11D3-BF4B-00C04F79EFBC}") = "Chapt15", "Chapt15\Chapt15.csproj", "{A3C648B2-64EC-4087-A98B-76D237E4A89B}"
EndProject
Global
	GlobalSection(SolutionConfigurationPlatforms) = preSolution
		Debug|Any CPU = Debug|Any CPU
		Release|Any CPU = Release|Any CPU
	EndGlobalSection
	GlobalSection(ProjectConfigurationPlatforms) = postSolution
		{28F99ECF-7740-4588-A00E-4CD88CF505E7}.Debug|Any CPU.ActiveCfg = Debug|Any CPU
		{28F99ECF-7740-4588-A00E-4CD88CF505E7}.Debug|Any CPU.Build.0 = Debug|Any CPU
		{28F99ECF-7740-4588-A00E-4CD88CF505E7}.Release|Any CPU.ActiveCfg = Release|Any CPU
		{28F99ECF-7740-4588-A00E-4CD88CF505E7}.Release|Any CPU.Build.0 = Release|Any CPU
		{A7D8400B-42FC-4E93-A006-8CF62C293D2F}.Debug|Any CPU.ActiveCfg = Debug|Any CPU
		{A7D8400B-42FC-4E93-A006-8CF62C293D2F}.Debug|Any CPU.Build.0 = Debug|Any CPU
		{A7D8400B-42FC-4E93-A006-8CF62C293D2F}.Release|Any CPU.ActiveCfg = Release|Any CPU
		{A7D8400B-42FC-4E93-A006-8CF62C293D2F}.Release|Any CPU.Build.0 = Release|Any CPU
		{6324C268-97D3-4F44-A887-56A7947511F4}.Debug|Any CPU.ActiveCfg = Debug|Any CPU
		{6324C268-97D3-4F44-A887-56A7947511F4}.Debug|Any CPU.Build.0 = Debug|Any CPU
		{6324C268-97D3-4F44-A887-56A7947511F4}.Release|Any CPU.ActiveCfg = Release|Any CPU
		{6324C268-97D3-4F44-A887-56A7947511F4}.Release|Any CPU.Build.0 = Release|Any CPU
		{90BB74D9-7E18-4BDB-BB3C-E42E32D9FA04}.Debug|Any CPU.ActiveCfg = Debug|Any CPU
		{90BB74D9-7E18-4BDB-BB3C-E42E32D9FA04}.Debug|Any CPU.Build.0 = Debug|Any CPU
		{90BB74D9-7E18-4BDB-BB3C-E42E32D9FA04}.Release|Any CPU.ActiveCfg = Release|Any CPU
		{90BB74D9-7E18-4BDB-BB3C-E42E32D9FA04}.Release|Any CPU.Build.0 = Release|Any CPU
		{8DA75AB0-46A6-4C7E-BDF6-8D2B889BD4D1}.Debug|Any CPU.ActiveCfg = Debug|Any CPU
		{8DA75AB0-46A6-4C7E-BDF6-8D2B889BD4D1}.Debug|Any CPU.Build.0 = Debug|Any CPU
		{8DA75AB0-46A6-4C7E-BDF6-8D2B889BD4D1}.Release|Any CPU.ActiveCfg = Release|Any CPU
		{8DA75AB0-46A6-4C7E-BDF6-8D2B889BD4D1}.Release|Any CPU.Build.0 = Release|Any CPU
		{490A3ACC-280E-4F8E-BB84-A95FD30F09E9}.Debug|Any CPU.ActiveCfg = Debug|Any CPU
		{490A3ACC-280E-4F8E-BB84-A95FD30F09E9}.Debug|Any CPU.Build.0 = Debug|Any CPU
		{490A3ACC-280E-4F8E-BB84-A95FD30F09E9}.Release|Any CPU.ActiveCfg = Release|Any CPU
		{490A3ACC-280E-4F8E-BB84-A95FD30F09E9}.Release|Any CPU.Build.0 = Release|Any CPU
		{5135E38B-1B15-457C-BBAA-EEE34FBD6D0F}.Debug|Any CPU.ActiveCfg = Debug|Any CPU
		{5135E38B-1B15-457C-BBAA-EEE34FBD6D0F}.Debug|Any CPU.Build.0 = Debug|Any CPU
		{5135E38B-1B15-457C-BBAA-EEE34FBD6D0F}.Release|Any CPU.ActiveCfg = Release|Any CPU
		{5135E38B-1B15-457C-BBAA-EEE34FBD6D0F}.Release|Any CPU.Build.0 = Release|Any CPU
		{2418F336-6285-4583-B751-1794539C8ED0}.Debug|Any CPU.ActiveCfg = Debug|Any CPU
		{2418F336-6285-4583-B751-1794539C8ED0}.Debug|Any CPU.Build.0 = Debug|Any CPU
		{2418F336-6285-4583-B751-1794539C8ED0}.Release|Any CPU.ActiveCfg = Release|Any CPU
		{2418F336-6285-4583-B751-1794539C8ED0}.Release|Any CPU.Build.0 = Release|Any CPU
		{1FF5924F-9A1D-4472-A2A8-EACF8B240F76}.Debug|Any CPU.ActiveCfg = Debug|Any CPU
		{1FF5924F-9A1D-4472-A2A8-EACF8B240F76}.Debug|Any CPU.Build.0 = Debug|Any CPU
		{1FF5924F-9A1D-4472-A2A8-EACF8B240F76}.Release|Any CPU.ActiveCfg = Release|Any CPU
		{1FF5924F-9A1D-4472-A2A8-EACF8B240F76}.Release|Any CPU.Build.0 = Release|Any CPU
		{1F4EEBF9-9F8F-45BF-A0F4-CE2FDADDD2B9}.Debug|Any CPU.ActiveCfg = Debug|Any CPU
		{1F4EEBF9-9F8F-45BF-A0F4-CE2FDADDD2B9}.Debug|Any CPU.Build.0 = Debug|Any CPU
		{1F4EEBF9-9F8F-45BF-A0F4-CE2FDADDD2B9}.Release|Any CPU.ActiveCfg = Release|Any CPU
		{1F4EEBF9-9F8F-45BF-A0F4-CE2FDADDD2B9}.Release|Any CPU.Build.0 = Release|Any CPU
		{89BF0915-63AF-43EF-A122-B0576BD69DD4}.Debug|Any CPU.ActiveCfg = Debug|Any CPU
		{89BF0915-63AF-43EF-A122-B0576BD69DD4}.Debug|Any CPU.Build.0 = Debug|Any CPU
		{89BF0915-63AF-43EF-A122-B0576BD69DD4}.Release|Any CPU.ActiveCfg = Release|Any CPU
		{89BF0915-63AF-43EF-A122-B0576BD69DD4}.Release|Any CPU.Build.0 = Release|Any CPU
		{2DAE15C0-F63E-4754-AC89-39B84FA34620}.Debug|Any CPU.ActiveCfg = Debug|Any CPU
		{2DAE15C0-F63E-4754-AC89-39B84FA34620}.Debug|Any CPU.Build.0 = Debug|Any CPU
		{2DAE15C0-F63E-4754-AC89-39B84FA34620}.Release|Any CPU.ActiveCfg = Release|Any CPU
		{2DAE15C0-F63E-4754-AC89-39B84FA34620}.Release|Any CPU.Build.0 = Release|Any CPU
		{A3C648B2-64EC-4087-A98B-76D237E4A89B}.Debug|Any CPU.ActiveCfg = Debug|Any CPU
		{A3C648B2-64EC-4087-A98B-76D237E4A89B}.Debug|Any CPU.Build.0 = Debug|Any CPU
		{A3C648B2-64EC-4087-A98B-76D237E4A89B}.Release|Any CPU.ActiveCfg = Release|Any CPU
		{A3C648B2-64EC-4087-A98B-76D237E4A89B}.Release|Any CPU.Build.0 = Release|Any CPU
	EndGlobalSection
EndGlobal
